// !$*UTF8*$!
{
	archiveVersion = 1;
	classes = {
	};
	objectVersion = 51;
	objects = {

/* Begin PBXBuildFile section */
		16D8452DFFCE9B81D1FBA635 /* Pods_loving.framework in Frameworks */ = {isa = PBXBuildFile; fileRef = 375931637189A21B2477C4FB /* Pods_loving.framework */; };
		75D4D85A24741440003295CF /* AppDelegate.swift in Sources */ = {isa = PBXBuildFile; fileRef = 75D4D85924741440003295CF /* AppDelegate.swift */; };
		75D4D85C24741440003295CF /* SceneDelegate.swift in Sources */ = {isa = PBXBuildFile; fileRef = 75D4D85B24741440003295CF /* SceneDelegate.swift */; };
		75D4D85E24741440003295CF /* HomeView.swift in Sources */ = {isa = PBXBuildFile; fileRef = 75D4D85D24741440003295CF /* HomeView.swift */; };
		75D4D86024741446003295CF /* Assets.xcassets in Resources */ = {isa = PBXBuildFile; fileRef = 75D4D85F24741446003295CF /* Assets.xcassets */; };
		75D4D86324741446003295CF /* Preview Assets.xcassets in Resources */ = {isa = PBXBuildFile; fileRef = 75D4D86224741446003295CF /* Preview Assets.xcassets */; };
		75D4D86624741446003295CF /* LaunchScreen.storyboard in Resources */ = {isa = PBXBuildFile; fileRef = 75D4D86424741446003295CF /* LaunchScreen.storyboard */; };
		75D4D87224741A8F003295CF /* ProfileView.swift in Sources */ = {isa = PBXBuildFile; fileRef = 75D4D87124741A8F003295CF /* ProfileView.swift */; };
		75D4D87524743D0A003295CF /* ProfileItemRow.swift in Sources */ = {isa = PBXBuildFile; fileRef = 75D4D87424743D0A003295CF /* ProfileItemRow.swift */; };
		75D4D87724744425003295CF /* ProfileContent.swift in Sources */ = {isa = PBXBuildFile; fileRef = 75D4D87624744425003295CF /* ProfileContent.swift */; };
		75D4D87924744D1D003295CF /* ProfileAccount.swift in Sources */ = {isa = PBXBuildFile; fileRef = 75D4D87824744D1D003295CF /* ProfileAccount.swift */; };
		75D4D87C24760332003295CF /* PartnerItemRow.swift in Sources */ = {isa = PBXBuildFile; fileRef = 75D4D87B24760332003295CF /* PartnerItemRow.swift */; };
		75D4D87E24760EA9003295CF /* Const.swift in Sources */ = {isa = PBXBuildFile; fileRef = 75D4D87D24760EA9003295CF /* Const.swift */; };
		75D4D8802476B96D003295CF /* PartnerList.swift in Sources */ = {isa = PBXBuildFile; fileRef = 75D4D87F2476B96D003295CF /* PartnerList.swift */; };
		75D4D88324772187003295CF /* RequestItem.swift in Sources */ = {isa = PBXBuildFile; fileRef = 75D4D88224772187003295CF /* RequestItem.swift */; };
		75D4D88524772A02003295CF /* RequestList.swift in Sources */ = {isa = PBXBuildFile; fileRef = 75D4D88424772A02003295CF /* RequestList.swift */; };
		75D4D88A24773E61003295CF /* RequestTo.swift in Sources */ = {isa = PBXBuildFile; fileRef = 75D4D88924773E61003295CF /* RequestTo.swift */; };
/* End PBXBuildFile section */

/* Begin PBXFileReference section */
		375931637189A21B2477C4FB /* Pods_loving.framework */ = {isa = PBXFileReference; explicitFileType = wrapper.framework; includeInIndex = 0; path = Pods_loving.framework; sourceTree = BUILT_PRODUCTS_DIR; };
		75D4D85624741440003295CF /* loving.app */ = {isa = PBXFileReference; explicitFileType = wrapper.application; includeInIndex = 0; path = loving.app; sourceTree = BUILT_PRODUCTS_DIR; };
		75D4D85924741440003295CF /* AppDelegate.swift */ = {isa = PBXFileReference; lastKnownFileType = sourcecode.swift; path = AppDelegate.swift; sourceTree = "<group>"; };
		75D4D85B24741440003295CF /* SceneDelegate.swift */ = {isa = PBXFileReference; lastKnownFileType = sourcecode.swift; path = SceneDelegate.swift; sourceTree = "<group>"; };
		75D4D85D24741440003295CF /* HomeView.swift */ = {isa = PBXFileReference; lastKnownFileType = sourcecode.swift; path = HomeView.swift; sourceTree = "<group>"; };
		75D4D85F24741446003295CF /* Assets.xcassets */ = {isa = PBXFileReference; lastKnownFileType = folder.assetcatalog; path = Assets.xcassets; sourceTree = "<group>"; };
		75D4D86224741446003295CF /* Preview Assets.xcassets */ = {isa = PBXFileReference; lastKnownFileType = folder.assetcatalog; path = "Preview Assets.xcassets"; sourceTree = "<group>"; };
		75D4D86524741446003295CF /* Base */ = {isa = PBXFileReference; lastKnownFileType = file.storyboard; name = Base; path = Base.lproj/LaunchScreen.storyboard; sourceTree = "<group>"; };
		75D4D86724741446003295CF /* Info.plist */ = {isa = PBXFileReference; lastKnownFileType = text.plist.xml; path = Info.plist; sourceTree = "<group>"; };
		75D4D87124741A8F003295CF /* ProfileView.swift */ = {isa = PBXFileReference; lastKnownFileType = sourcecode.swift; path = ProfileView.swift; sourceTree = "<group>"; };
		75D4D87424743D0A003295CF /* ProfileItemRow.swift */ = {isa = PBXFileReference; lastKnownFileType = sourcecode.swift; path = ProfileItemRow.swift; sourceTree = "<group>"; };
		75D4D87624744425003295CF /* ProfileContent.swift */ = {isa = PBXFileReference; lastKnownFileType = sourcecode.swift; path = ProfileContent.swift; sourceTree = "<group>"; };
		75D4D87824744D1D003295CF /* ProfileAccount.swift */ = {isa = PBXFileReference; lastKnownFileType = sourcecode.swift; path = ProfileAccount.swift; sourceTree = "<group>"; };
		75D4D87B24760332003295CF /* PartnerItemRow.swift */ = {isa = PBXFileReference; lastKnownFileType = sourcecode.swift; path = PartnerItemRow.swift; sourceTree = "<group>"; };
		75D4D87D24760EA9003295CF /* Const.swift */ = {isa = PBXFileReference; lastKnownFileType = sourcecode.swift; path = Const.swift; sourceTree = "<group>"; };
		75D4D87F2476B96D003295CF /* PartnerList.swift */ = {isa = PBXFileReference; lastKnownFileType = sourcecode.swift; path = PartnerList.swift; sourceTree = "<group>"; };
		75D4D88224772187003295CF /* RequestItem.swift */ = {isa = PBXFileReference; lastKnownFileType = sourcecode.swift; path = RequestItem.swift; sourceTree = "<group>"; };
		75D4D88424772A02003295CF /* RequestList.swift */ = {isa = PBXFileReference; lastKnownFileType = sourcecode.swift; path = RequestList.swift; sourceTree = "<group>"; };
		75D4D88924773E61003295CF /* RequestTo.swift */ = {isa = PBXFileReference; lastKnownFileType = sourcecode.swift; path = RequestTo.swift; sourceTree = "<group>"; };
		AB3E5401D7FBCEA1B0C8540D /* Pods-loving.debug.xcconfig */ = {isa = PBXFileReference; includeInIndex = 1; lastKnownFileType = text.xcconfig; name = "Pods-loving.debug.xcconfig"; path = "Target Support Files/Pods-loving/Pods-loving.debug.xcconfig"; sourceTree = "<group>"; };
		FF85B3DA459D09BCCBED7838 /* Pods-loving.release.xcconfig */ = {isa = PBXFileReference; includeInIndex = 1; lastKnownFileType = text.xcconfig; name = "Pods-loving.release.xcconfig"; path = "Target Support Files/Pods-loving/Pods-loving.release.xcconfig"; sourceTree = "<group>"; };
/* End PBXFileReference section */

/* Begin PBXFrameworksBuildPhase section */
		75D4D85324741440003295CF /* Frameworks */ = {
			isa = PBXFrameworksBuildPhase;
			buildActionMask = 2147483647;
			files = (
				16D8452DFFCE9B81D1FBA635 /* Pods_loving.framework in Frameworks */,
			);
			runOnlyForDeploymentPostprocessing = 0;
		};
/* End PBXFrameworksBuildPhase section */

/* Begin PBXGroup section */
		0525109DC9260CD83DB5DC85 /* Pods */ = {
			isa = PBXGroup;
			children = (
				AB3E5401D7FBCEA1B0C8540D /* Pods-loving.debug.xcconfig */,
				FF85B3DA459D09BCCBED7838 /* Pods-loving.release.xcconfig */,
			);
			path = Pods;
			sourceTree = "<group>";
		};
		75D4D84D24741440003295CF = {
			isa = PBXGroup;
			children = (
				75D4D85824741440003295CF /* loving */,
				75D4D85724741440003295CF /* Products */,
				0525109DC9260CD83DB5DC85 /* Pods */,
				96FB766E4D071E26BD674510 /* Frameworks */,
			);
			sourceTree = "<group>";
		};
		75D4D85724741440003295CF /* Products */ = {
			isa = PBXGroup;
			children = (
				75D4D85624741440003295CF /* loving.app */,
			);
			name = Products;
			sourceTree = "<group>";
		};
		75D4D85824741440003295CF /* loving */ = {
			isa = PBXGroup;
			children = (
				75D4D86D247414CE003295CF /* src */,
				75D4D85F24741446003295CF /* Assets.xcassets */,
				75D4D86424741446003295CF /* LaunchScreen.storyboard */,
				75D4D86724741446003295CF /* Info.plist */,
				75D4D86124741446003295CF /* Preview Content */,
			);
			path = loving;
			sourceTree = "<group>";
		};
		75D4D86124741446003295CF /* Preview Content */ = {
			isa = PBXGroup;
			children = (
				75D4D86224741446003295CF /* Preview Assets.xcassets */,
			);
			path = "Preview Content";
			sourceTree = "<group>";
		};
		75D4D86D247414CE003295CF /* src */ = {
			isa = PBXGroup;
			children = (
				75D4D86E247414E0003295CF /* ui */,
				75D4D85924741440003295CF /* AppDelegate.swift */,
				75D4D85B24741440003295CF /* SceneDelegate.swift */,
			);
			path = src;
			sourceTree = "<group>";
		};
		75D4D86E247414E0003295CF /* ui */ = {
			isa = PBXGroup;
			children = (
				75D4D870247419EC003295CF /* widget */,
				75D4D86F247419E0003295CF /* screen */,
				75D4D87D24760EA9003295CF /* Const.swift */,
			);
			path = ui;
			sourceTree = "<group>";
		};
		75D4D86F247419E0003295CF /* screen */ = {
			isa = PBXGroup;
			children = (
				75D4D87124741A8F003295CF /* ProfileView.swift */,
				75D4D85D24741440003295CF /* HomeView.swift */,
			);
			path = screen;
			sourceTree = "<group>";
		};
		75D4D870247419EC003295CF /* widget */ = {
			isa = PBXGroup;
			children = (
				75D4D88124772155003295CF /* Request */,
				75D4D87A24760317003295CF /* Partner */,
				75D4D87324743CEE003295CF /* Profile */,
			);
			path = widget;
			sourceTree = "<group>";
		};
		75D4D87324743CEE003295CF /* Profile */ = {
			isa = PBXGroup;
			children = (
				75D4D87424743D0A003295CF /* ProfileItemRow.swift */,
				75D4D87624744425003295CF /* ProfileContent.swift */,
				75D4D87824744D1D003295CF /* ProfileAccount.swift */,
			);
			path = Profile;
			sourceTree = "<group>";
		};
		75D4D87A24760317003295CF /* Partner */ = {
			isa = PBXGroup;
			children = (
				75D4D87B24760332003295CF /* PartnerItemRow.swift */,
				75D4D87F2476B96D003295CF /* PartnerList.swift */,
			);
			path = Partner;
			sourceTree = "<group>";
		};
		75D4D88124772155003295CF /* Request */ = {
			isa = PBXGroup;
			children = (
				75D4D88224772187003295CF /* RequestItem.swift */,
				75D4D88424772A02003295CF /* RequestList.swift */,
				75D4D88924773E61003295CF /* RequestTo.swift */,
			);
			path = Request;
			sourceTree = "<group>";
		};
		96FB766E4D071E26BD674510 /* Frameworks */ = {
			isa = PBXGroup;
			children = (
				375931637189A21B2477C4FB /* Pods_loving.framework */,
			);
			name = Frameworks;
			sourceTree = "<group>";
		};
/* End PBXGroup section */

/* Begin PBXNativeTarget section */
		75D4D85524741440003295CF /* loving */ = {
			isa = PBXNativeTarget;
			buildConfigurationList = 75D4D86A24741446003295CF /* Build configuration list for PBXNativeTarget "loving" */;
			buildPhases = (
				423167CB89FE4F91293E0390 /* [CP] Check Pods Manifest.lock */,
				75D4D85224741440003295CF /* Sources */,
				75D4D85324741440003295CF /* Frameworks */,
				75D4D85424741440003295CF /* Resources */,
				F8823F920EEE173D13D17111 /* [CP] Embed Pods Frameworks */,
			);
			buildRules = (
			);
			dependencies = (
			);
			name = loving;
			productName = loving;
			productReference = 75D4D85624741440003295CF /* loving.app */;
			productType = "com.apple.product-type.application";
		};
/* End PBXNativeTarget section */

/* Begin PBXProject section */
		75D4D84E24741440003295CF /* Project object */ = {
			isa = PBXProject;
			attributes = {
				LastSwiftUpdateCheck = 1140;
				LastUpgradeCheck = 1140;
				ORGANIZATIONNAME = umiapp;
				TargetAttributes = {
					75D4D85524741440003295CF = {
						CreatedOnToolsVersion = 11.4.1;
					};
				};
			};
			buildConfigurationList = 75D4D85124741440003295CF /* Build configuration list for PBXProject "loving" */;
			compatibilityVersion = "Xcode 9.3";
			developmentRegion = en;
			hasScannedForEncodings = 0;
			knownRegions = (
				en,
				Base,
			);
			mainGroup = 75D4D84D24741440003295CF;
			productRefGroup = 75D4D85724741440003295CF /* Products */;
			projectDirPath = "";
			projectRoot = "";
			targets = (
				75D4D85524741440003295CF /* loving */,
			);
		};
/* End PBXProject section */

/* Begin PBXResourcesBuildPhase section */
		75D4D85424741440003295CF /* Resources */ = {
			isa = PBXResourcesBuildPhase;
			buildActionMask = 2147483647;
			files = (
				75D4D86624741446003295CF /* LaunchScreen.storyboard in Resources */,
				75D4D86324741446003295CF /* Preview Assets.xcassets in Resources */,
				75D4D86024741446003295CF /* Assets.xcassets in Resources */,
			);
			runOnlyForDeploymentPostprocessing = 0;
		};
/* End PBXResourcesBuildPhase section */

/* Begin PBXShellScriptBuildPhase section */
		423167CB89FE4F91293E0390 /* [CP] Check Pods Manifest.lock */ = {
			isa = PBXShellScriptBuildPhase;
			buildActionMask = 2147483647;
			files = (
			);
			inputFileListPaths = (
			);
			inputPaths = (
				"${PODS_PODFILE_DIR_PATH}/Podfile.lock",
				"${PODS_ROOT}/Manifest.lock",
			);
			name = "[CP] Check Pods Manifest.lock";
			outputFileListPaths = (
			);
			outputPaths = (
				"$(DERIVED_FILE_DIR)/Pods-loving-checkManifestLockResult.txt",
			);
			runOnlyForDeploymentPostprocessing = 0;
			shellPath = /bin/sh;
			shellScript = "diff \"${PODS_PODFILE_DIR_PATH}/Podfile.lock\" \"${PODS_ROOT}/Manifest.lock\" > /dev/null\nif [ $? != 0 ] ; then\n    # print error to STDERR\n    echo \"error: The sandbox is not in sync with the Podfile.lock. Run 'pod install' or update your CocoaPods installation.\" >&2\n    exit 1\nfi\n# This output is used by Xcode 'outputs' to avoid re-running this script phase.\necho \"SUCCESS\" > \"${SCRIPT_OUTPUT_FILE_0}\"\n";
			showEnvVarsInLog = 0;
		};
		F8823F920EEE173D13D17111 /* [CP] Embed Pods Frameworks */ = {
			isa = PBXShellScriptBuildPhase;
			buildActionMask = 2147483647;
			files = (
			);
			inputFileListPaths = (
				"${PODS_ROOT}/Target Support Files/Pods-loving/Pods-loving-frameworks-${CONFIGURATION}-input-files.xcfilelist",
			);
			name = "[CP] Embed Pods Frameworks";
			outputFileListPaths = (
				"${PODS_ROOT}/Target Support Files/Pods-loving/Pods-loving-frameworks-${CONFIGURATION}-output-files.xcfilelist",
			);
			runOnlyForDeploymentPostprocessing = 0;
			shellPath = /bin/sh;
			shellScript = "\"${PODS_ROOT}/Target Support Files/Pods-loving/Pods-loving-frameworks.sh\"\n";
			showEnvVarsInLog = 0;
		};
/* End PBXShellScriptBuildPhase section */

/* Begin PBXSourcesBuildPhase section */
		75D4D85224741440003295CF /* Sources */ = {
			isa = PBXSourcesBuildPhase;
			buildActionMask = 2147483647;
			files = (
				75D4D87224741A8F003295CF /* ProfileView.swift in Sources */,
				75D4D88524772A02003295CF /* RequestList.swift in Sources */,
				75D4D87524743D0A003295CF /* ProfileItemRow.swift in Sources */,
				75D4D87C24760332003295CF /* PartnerItemRow.swift in Sources */,
				75D4D85A24741440003295CF /* AppDelegate.swift in Sources */,
				75D4D87724744425003295CF /* ProfileContent.swift in Sources */,
				75D4D88324772187003295CF /* RequestItem.swift in Sources */,
				75D4D88A24773E61003295CF /* RequestTo.swift in Sources */,
				75D4D85C24741440003295CF /* SceneDelegate.swift in Sources */,
				75D4D8802476B96D003295CF /* PartnerList.swift in Sources */,
				75D4D87924744D1D003295CF /* ProfileAccount.swift in Sources */,
				75D4D85E24741440003295CF /* HomeView.swift in Sources */,
				75D4D87E24760EA9003295CF /* Const.swift in Sources */,
			);
			runOnlyForDeploymentPostprocessing = 0;
		};
/* End PBXSourcesBuildPhase section */

/* Begin PBXVariantGroup section */
		75D4D86424741446003295CF /* LaunchScreen.storyboard */ = {
			isa = PBXVariantGroup;
			children = (
				75D4D86524741446003295CF /* Base */,
			);
			name = LaunchScreen.storyboard;
			sourceTree = "<group>";
		};
/* End PBXVariantGroup section */

/* Begin XCBuildConfiguration section */
		75D4D86824741446003295CF /* Debug */ = {
			isa = XCBuildConfiguration;
			buildSettings = {
				ALWAYS_SEARCH_USER_PATHS = NO;
				CLANG_ANALYZER_NONNULL = YES;
				CLANG_ANALYZER_NUMBER_OBJECT_CONVERSION = YES_AGGRESSIVE;
				CLANG_CXX_LANGUAGE_STANDARD = "gnu++14";
				CLANG_CXX_LIBRARY = "libc++";
				CLANG_ENABLE_MODULES = YES;
				CLANG_ENABLE_OBJC_ARC = YES;
				CLANG_ENABLE_OBJC_WEAK = YES;
				CLANG_WARN_BLOCK_CAPTURE_AUTORELEASING = YES;
				CLANG_WARN_BOOL_CONVERSION = YES;
				CLANG_WARN_COMMA = YES;
				CLANG_WARN_CONSTANT_CONVERSION = YES;
				CLANG_WARN_DEPRECATED_OBJC_IMPLEMENTATIONS = YES;
				CLANG_WARN_DIRECT_OBJC_ISA_USAGE = YES_ERROR;
				CLANG_WARN_DOCUMENTATION_COMMENTS = YES;
				CLANG_WARN_EMPTY_BODY = YES;
				CLANG_WARN_ENUM_CONVERSION = YES;
				CLANG_WARN_INFINITE_RECURSION = YES;
				CLANG_WARN_INT_CONVERSION = YES;
				CLANG_WARN_NON_LITERAL_NULL_CONVERSION = YES;
				CLANG_WARN_OBJC_IMPLICIT_RETAIN_SELF = YES;
				CLANG_WARN_OBJC_LITERAL_CONVERSION = YES;
				CLANG_WARN_OBJC_ROOT_CLASS = YES_ERROR;
				CLANG_WARN_RANGE_LOOP_ANALYSIS = YES;
				CLANG_WARN_STRICT_PROTOTYPES = YES;
				CLANG_WARN_SUSPICIOUS_MOVE = YES;
				CLANG_WARN_UNGUARDED_AVAILABILITY = YES_AGGRESSIVE;
				CLANG_WARN_UNREACHABLE_CODE = YES;
				CLANG_WARN__DUPLICATE_METHOD_MATCH = YES;
				COPY_PHASE_STRIP = NO;
				DEBUG_INFORMATION_FORMAT = dwarf;
				ENABLE_STRICT_OBJC_MSGSEND = YES;
				ENABLE_TESTABILITY = YES;
				GCC_C_LANGUAGE_STANDARD = gnu11;
				GCC_DYNAMIC_NO_PIC = NO;
				GCC_NO_COMMON_BLOCKS = YES;
				GCC_OPTIMIZATION_LEVEL = 0;
				GCC_PREPROCESSOR_DEFINITIONS = (
					"DEBUG=1",
					"$(inherited)",
				);
				GCC_WARN_64_TO_32_BIT_CONVERSION = YES;
				GCC_WARN_ABOUT_RETURN_TYPE = YES_ERROR;
				GCC_WARN_UNDECLARED_SELECTOR = YES;
				GCC_WARN_UNINITIALIZED_AUTOS = YES_AGGRESSIVE;
				GCC_WARN_UNUSED_FUNCTION = YES;
				GCC_WARN_UNUSED_VARIABLE = YES;
				IPHONEOS_DEPLOYMENT_TARGET = 13.4;
				MTL_ENABLE_DEBUG_INFO = INCLUDE_SOURCE;
				MTL_FAST_MATH = YES;
				ONLY_ACTIVE_ARCH = YES;
				SDKROOT = iphoneos;
				SWIFT_ACTIVE_COMPILATION_CONDITIONS = DEBUG;
				SWIFT_OPTIMIZATION_LEVEL = "-Onone";
			};
			name = Debug;
		};
		75D4D86924741446003295CF /* Release */ = {
			isa = XCBuildConfiguration;
			buildSettings = {
				ALWAYS_SEARCH_USER_PATHS = NO;
				CLANG_ANALYZER_NONNULL = YES;
				CLANG_ANALYZER_NUMBER_OBJECT_CONVERSION = YES_AGGRESSIVE;
				CLANG_CXX_LANGUAGE_STANDARD = "gnu++14";
				CLANG_CXX_LIBRARY = "libc++";
				CLANG_ENABLE_MODULES = YES;
				CLANG_ENABLE_OBJC_ARC = YES;
				CLANG_ENABLE_OBJC_WEAK = YES;
				CLANG_WARN_BLOCK_CAPTURE_AUTORELEASING = YES;
				CLANG_WARN_BOOL_CONVERSION = YES;
				CLANG_WARN_COMMA = YES;
				CLANG_WARN_CONSTANT_CONVERSION = YES;
				CLANG_WARN_DEPRECATED_OBJC_IMPLEMENTATIONS = YES;
				CLANG_WARN_DIRECT_OBJC_ISA_USAGE = YES_ERROR;
				CLANG_WARN_DOCUMENTATION_COMMENTS = YES;
				CLANG_WARN_EMPTY_BODY = YES;
				CLANG_WARN_ENUM_CONVERSION = YES;
				CLANG_WARN_INFINITE_RECURSION = YES;
				CLANG_WARN_INT_CONVERSION = YES;
				CLANG_WARN_NON_LITERAL_NULL_CONVERSION = YES;
				CLANG_WARN_OBJC_IMPLICIT_RETAIN_SELF = YES;
				CLANG_WARN_OBJC_LITERAL_CONVERSION = YES;
				CLANG_WARN_OBJC_ROOT_CLASS = YES_ERROR;
				CLANG_WARN_RANGE_LOOP_ANALYSIS = YES;
				CLANG_WARN_STRICT_PROTOTYPES = YES;
				CLANG_WARN_SUSPICIOUS_MOVE = YES;
				CLANG_WARN_UNGUARDED_AVAILABILITY = YES_AGGRESSIVE;
				CLANG_WARN_UNREACHABLE_CODE = YES;
				CLANG_WARN__DUPLICATE_METHOD_MATCH = YES;
				COPY_PHASE_STRIP = NO;
				DEBUG_INFORMATION_FORMAT = "dwarf-with-dsym";
				ENABLE_NS_ASSERTIONS = NO;
				ENABLE_STRICT_OBJC_MSGSEND = YES;
				GCC_C_LANGUAGE_STANDARD = gnu11;
				GCC_NO_COMMON_BLOCKS = YES;
				GCC_WARN_64_TO_32_BIT_CONVERSION = YES;
				GCC_WARN_ABOUT_RETURN_TYPE = YES_ERROR;
				GCC_WARN_UNDECLARED_SELECTOR = YES;
				GCC_WARN_UNINITIALIZED_AUTOS = YES_AGGRESSIVE;
				GCC_WARN_UNUSED_FUNCTION = YES;
				GCC_WARN_UNUSED_VARIABLE = YES;
				IPHONEOS_DEPLOYMENT_TARGET = 13.4;
				MTL_ENABLE_DEBUG_INFO = NO;
				MTL_FAST_MATH = YES;
				SDKROOT = iphoneos;
				SWIFT_COMPILATION_MODE = wholemodule;
				SWIFT_OPTIMIZATION_LEVEL = "-O";
				VALIDATE_PRODUCT = YES;
			};
			name = Release;
		};
		75D4D86B24741446003295CF /* Debug */ = {
			isa = XCBuildConfiguration;
			baseConfigurationReference = AB3E5401D7FBCEA1B0C8540D /* Pods-loving.debug.xcconfig */;
			buildSettings = {
				ASSETCATALOG_COMPILER_APPICON_NAME = AppIcon;
				CODE_SIGN_STYLE = Automatic;
				DEVELOPMENT_ASSET_PATHS = "\"loving/Preview Content\"";
				ENABLE_PREVIEWS = YES;
				INFOPLIST_FILE = loving/Info.plist;
				LD_RUNPATH_SEARCH_PATHS = (
					"$(inherited)",
					"@executable_path/Frameworks",
				);
				PRODUCT_BUNDLE_IDENTIFIER = app.umiapp.loving;
				PRODUCT_NAME = "$(TARGET_NAME)";
				SWIFT_VERSION = 5.0;
				TARGETED_DEVICE_FAMILY = "1,2";
			};
			name = Debug;
		};
		75D4D86C24741446003295CF /* Release */ = {
			isa = XCBuildConfiguration;
			baseConfigurationReference = FF85B3DA459D09BCCBED7838 /* Pods-loving.release.xcconfig */;
			buildSettings = {
				ASSETCATALOG_COMPILER_APPICON_NAME = AppIcon;
				CODE_SIGN_STYLE = Automatic;
				DEVELOPMENT_ASSET_PATHS = "\"loving/Preview Content\"";
				ENABLE_PREVIEWS = YES;
				INFOPLIST_FILE = loving/Info.plist;
				LD_RUNPATH_SEARCH_PATHS = (
					"$(inherited)",
					"@executable_path/Frameworks",
				);
				PRODUCT_BUNDLE_IDENTIFIER = app.umiapp.loving;
				PRODUCT_NAME = "$(TARGET_NAME)";
				SWIFT_VERSION = 5.0;
				TARGETED_DEVICE_FAMILY = "1,2";
			};
			name = Release;
		};
/* End XCBuildConfiguration section */

/* Begin XCConfigurationList section */
		75D4D85124741440003295CF /* Build configuration list for PBXProject "loving" */ = {
			isa = XCConfigurationList;
			buildConfigurations = (
				75D4D86824741446003295CF /* Debug */,
				75D4D86924741446003295CF /* Release */,
			);
			defaultConfigurationIsVisible = 0;
			defaultConfigurationName = Release;
		};
		75D4D86A24741446003295CF /* Build configuration list for PBXNativeTarget "loving" */ = {
			isa = XCConfigurationList;
			buildConfigurations = (
				75D4D86B24741446003295CF /* Debug */,
				75D4D86C24741446003295CF /* Release */,
			);
			defaultConfigurationIsVisible = 0;
			defaultConfigurationName = Release;
		};
/* End XCConfigurationList section */
	};
	rootObject = 75D4D84E24741440003295CF /* Project object */;
}
